
Microsoft Visual Studio Solution File, Format Version 12.00
# Visual Studio 15
VisualStudioVersion = 15.0.26430.6
MinimumVisualStudioVersion = 10.0.40219.1
Project("{FAE04EC0-301F-11D3-BF4B-00C04F79EFBC}") = "WasteTrader", "src\WasteTrader\WasteTrader.csproj", "{267DEB97-DB3F-4B45-9886-6D2BD785592A}"
EndProject
Project("{FAE04EC0-301F-11D3-BF4B-00C04F79EFBC}") = "WasteTraderTests", "test\WasteTraderTests\WasteTraderTests.csproj", "{5BEDAAA4-3686-4E89-BF3A-00FF57F1D5A8}"
EndProject
Global
	GlobalSection(SolutionConfigurationPlatforms) = preSolution
		Debug|Any CPU = Debug|Any CPU
		Debug|x64 = Debug|x64
		Release|Any CPU = Release|Any CPU
		Release|x64 = Release|x64
	EndGlobalSection
	GlobalSection(ProjectConfigurationPlatforms) = postSolution
		{267DEB97-DB3F-4B45-9886-6D2BD785592A}.Debug|Any CPU.ActiveCfg = Debug|x64
		{267DEB97-DB3F-4B45-9886-6D2BD785592A}.Debug|x64.ActiveCfg = Debug|x64
		{267DEB97-DB3F-4B45-9886-6D2BD785592A}.Debug|x64.Build.0 = Debug|x64
		{267DEB97-DB3F-4B45-9886-6D2BD785592A}.Release|Any CPU.ActiveCfg = Release|x64
		{267DEB97-DB3F-4B45-9886-6D2BD785592A}.Release|x64.ActiveCfg = Release|x64
		{267DEB97-DB3F-4B45-9886-6D2BD785592A}.Release|x64.Build.0 = Release|x64
		{5BEDAAA4-3686-4E89-BF3A-00FF57F1D5A8}.Debug|Any CPU.ActiveCfg = Debug|Any CPU
		{5BEDAAA4-3686-4E89-BF3A-00FF57F1D5A8}.Debug|Any CPU.Build.0 = Debug|Any CPU
		{5BEDAAA4-3686-4E89-BF3A-00FF57F1D5A8}.Debug|x64.ActiveCfg = Debug|Any CPU
		{5BEDAAA4-3686-4E89-BF3A-00FF57F1D5A8}.Debug|x64.Build.0 = Debug|Any CPU
		{5BEDAAA4-3686-4E89-BF3A-00FF57F1D5A8}.Release|Any CPU.ActiveCfg = Release|Any CPU
		{5BEDAAA4-3686-4E89-BF3A-00FF57F1D5A8}.Release|Any CPU.Build.0 = Release|Any CPU
		{5BEDAAA4-3686-4E89-BF3A-00FF57F1D5A8}.Release|x64.ActiveCfg = Release|Any CPU
		{5BEDAAA4-3686-4E89-BF3A-00FF57F1D5A8}.Release|x64.Build.0 = Release|Any CPU
	EndGlobalSection
	GlobalSection(SolutionProperties) = preSolution
		HideSolutionNode = FALSE
	EndGlobalSection
EndGlobal
